
Microsoft Visual Studio Solution File, Format Version 12.00
Project("{FAE04EC0-301F-11D3-BF4B-00C04F79EFBC}") = "Singleton", "Singleton\Singleton.csproj", "{CD0B391A-99ED-49A9-8160-7BA2B4B5C31D}"
EndProject
Project("{FAE04EC0-301F-11D3-BF4B-00C04F79EFBC}") = "FactoryMethod", "FactoryMethod\FactoryMethod.csproj", "{ECE5D21D-E044-4B3C-8A4C-8547124D8804}"
EndProject
Project("{FAE04EC0-301F-11D3-BF4B-00C04F79EFBC}") = "AbstractFactory", "AbstractFactory\AbstractFactory.csproj", "{3F4FC5A7-A302-4194-BBA2-B19FB31E5475}"
EndProject
Global
	GlobalSection(SolutionConfigurationPlatforms) = preSolution
		Debug|Any CPU = Debug|Any CPU
		Release|Any CPU = Release|Any CPU
	EndGlobalSection
	GlobalSection(ProjectConfigurationPlatforms) = postSolution
		{CD0B391A-99ED-49A9-8160-7BA2B4B5C31D}.Debug|Any CPU.ActiveCfg = Debug|Any CPU
		{CD0B391A-99ED-49A9-8160-7BA2B4B5C31D}.Debug|Any CPU.Build.0 = Debug|Any CPU
		{CD0B391A-99ED-49A9-8160-7BA2B4B5C31D}.Release|Any CPU.ActiveCfg = Release|Any CPU
		{CD0B391A-99ED-49A9-8160-7BA2B4B5C31D}.Release|Any CPU.Build.0 = Release|Any CPU
		{ECE5D21D-E044-4B3C-8A4C-8547124D8804}.Debug|Any CPU.ActiveCfg = Debug|Any CPU
		{ECE5D21D-E044-4B3C-8A4C-8547124D8804}.Debug|Any CPU.Build.0 = Debug|Any CPU
		{ECE5D21D-E044-4B3C-8A4C-8547124D8804}.Release|Any CPU.ActiveCfg = Release|Any CPU
		{ECE5D21D-E044-4B3C-8A4C-8547124D8804}.Release|Any CPU.Build.0 = Release|Any CPU
		{3F4FC5A7-A302-4194-BBA2-B19FB31E5475}.Debug|Any CPU.ActiveCfg = Debug|Any CPU
		{3F4FC5A7-A302-4194-BBA2-B19FB31E5475}.Debug|Any CPU.Build.0 = Debug|Any CPU
		{3F4FC5A7-A302-4194-BBA2-B19FB31E5475}.Release|Any CPU.ActiveCfg = Release|Any CPU
		{3F4FC5A7-A302-4194-BBA2-B19FB31E5475}.Release|Any CPU.Build.0 = Release|Any CPU
	EndGlobalSection
EndGlobal
